PODS:
  - SZCategories (0.0.2):
    - SZCategories/SZCategories (= 0.0.2)
  - SZCategories/Macros (0.0.2)
  - SZCategories/Safe (0.0.2)
  - SZCategories/SZCategories (0.0.2):
    - SZCategories/Macros
    - SZCategories/Safe
    - SZCategories/Thread
  - SZCategories/Thread (0.0.2)
  - SZWheels (0.0.5):
    - SZWheels/All (= 0.0.5)
  - SZWheels/All (0.0.5):
    - SZWheels/InitDataChain
  - SZWheels/InitDataChain (0.0.5):
    - SZCategories

DEPENDENCIES:
  - SZWheels

SPEC REPOS:
  "git@github.com:ace2github/SZSpecs.git":
    - SZCategories
    - SZWheels

SPEC CHECKSUMS:
  SZCategories: 89c833a097f373d1da8458671acd72bea3c7ff2d
  SZWheels: 534bb732af595ec6d8a5fa4eef04400623a37bed

PODFILE CHECKSUM: 34e668075d1cb14f81142a092add2f5d6053f75c

COCOAPODS: 1.5.3
